// !$*UTF8*$!
{
	archiveVersion = 1;
	classes = {
	};
	objectVersion = 46;
	objects = {
		73BA702A6210EC2843148C77 = {
			isa = PBXBuildFile;
			fileRef = 8046C758DDA0B0BCF4C80AEE;
		};
		889680E484EBCC781A0CEF89 = {
			isa = PBXBuildFile;
			fileRef = DAEFF5BD978239B0A5FC8814;
		};
		69BBFA482D49FCDB06AC5ABA = {
			isa = PBXBuildFile;
			fileRef = 34F683CFE8542F1DA9C5F90E;
		};
		954389E4B052714CC094D961 = {
			isa = PBXBuildFile;
			fileRef = 25F15B6F70AD8FE6D6D12873;
		};
		CC80DB14B1D5F84A68A9F6A9 = {
			isa = PBXBuildFile;
			fileRef = 1C16B195E7A3BAE43CE7552A;
		};
		EBC337F0A8405F61CD2C78EA = {
			isa = PBXBuildFile;
			fileRef = F06B47BE7A1EDBDCD59E6825;
		};
		7022BBF3CB7DBFCE9E5BAB3F = {
			isa = PBXBuildFile;
			fileRef = 4FE670257AC782FCF66DA483;
		};
		A5B940D2D21DE9320D41B79C = {
			isa = PBXBuildFile;
			fileRef = 3AE23C91BAE5169E496B2086;
		};
		B6E5CAE1A97851230661DE22 = {
			isa = PBXBuildFile;
			fileRef = F0EA6657E9184EF2D4DBAFD4;
		};
		C2A219D5921B7A5D145BEE22 = {
			isa = PBXBuildFile;
			fileRef = 43FED6698C2BBCEC62D6C78D;
		};
		1AF09D6B1B05C6533E4E0C00 = {
			isa = PBXBuildFile;
			fileRef = 06462745698B3F2E4626D60A;
		};
		77DBDFB29091333610C48182 = {
			isa = PBXBuildFile;
			fileRef = 1865DBDB74C21DCDE85493CD;
		};
		E4C0D0D5DC4A3A21900E61CF = {
			isa = PBXBuildFile;
			fileRef = 022AE6F68FBDCA4BA3A94A15;
		};
		9618B21369CA4E547A9C33BF = {
			isa = PBXBuildFile;
			fileRef = F97455D3ECA08664F4E2C7E4;
		};
		3753ED7687FFDD9A80EB11D8 = {
			isa = PBXBuildFile;
			fileRef = BB0E54876C07A9581D53D36C;
		};
		9D4706F156AD498F8EB01507 = {
			isa = PBXBuildFile;
			fileRef = D9600E85C741397BF59412F6;
		};
		8D7264070102C806483D18F8 = {
			isa = PBXBuildFile;
			fileRef = 23A231E13603451467A42E94;
		};
		6BA73E55459902B54E5506E7 = {
			isa = PBXBuildFile;
			fileRef = 400DF0CD4041B78565E6722E;
		};
		ECE8C93EC37BFA3196E7FD9B = {
			isa = PBXBuildFile;
			fileRef = CFDBE683FB5C958A3E325EF1;
		};
		A092A58B1AFCFE68ECE2ACD7 = {
			isa = PBXBuildFile;
			fileRef = B9A96059DE57DA64A327634C;
		};
		71311B3BC206EA9FB0D8FAB4 = {
			isa = PBXBuildFile;
			fileRef = 00554BF8788637FF84ECD91E;
		};
		3742A948BE6F32B8620725A1 = {
			isa = PBXBuildFile;
			fileRef = 9DE4D98DE097B31040683DEB;
		};
		B75891985BD1FFEA05B67ED3 = {
			isa = PBXBuildFile;
			fileRef = 1119F08CAF7869E6954775A2;
		};
		51289FEC24487C3DC446C066 = {
			isa = PBXBuildFile;
			fileRef = D9736371C2276B0E5AB14A72;
		};
		26AC09ECD48F990B142E2D02 = {
			isa = PBXBuildFile;
			fileRef = 3FC7E3229AC1FBECCC42CD7A;
		};
		ADF9CFD8B661E11711DE06D0 = {
			isa = PBXBuildFile;
			fileRef = 3184F3ED6D4AA774104311F1;
		};
		A231B7D8D963E5A625B60D3F = {
			isa = PBXBuildFile;
			fileRef = CB201E14AE63133B1F1219F2;
		};
		A0F7EE8AC8E156D046F5E77F = {
			isa = PBXBuildFile;
			fileRef = BA47D2ADBEB843D39C5388DA;
		};
		55282305DD763A0193143B53 = {
			isa = PBXBuildFile;
			fileRef = 340849B7217C57A75A0E7B92;
		};
		85B80E700FA9287AD61BFFD9 = {
			isa = PBXBuildFile;
			fileRef = C51A9433A7CCE117C8780B62;
		};
		4636B87FDB2A004E2B304FFA = {
			isa = PBXBuildFile;
			fileRef = D13702F2E64558506BBFE1DB;
		};
		B0937BF03CC02A48382787B7 = {
			isa = PBXBuildFile;
			fileRef = 1452A74FF2DAF8296F9E69F8;
		};
		950778D74E69805170FE0B01 = {
			isa = PBXBuildFile;
			fileRef = DC132D694DEE7B914716D5B9;
		};
		F92EFDCE87415BD3390ACBB2 = {
			isa = PBXBuildFile;
			fileRef = AB0D2A082273D5EE67467C48;
		};
		E829440874D84DFFED6D5691 = {
			isa = PBXBuildFile;
			fileRef = B16FFAEB12C071CAD2127ECC;
		};
		37535C10CEC91FDAA17B111D = {
			isa = PBXBuildFile;
			fileRef = F93E98C67315172FC79E69C1;
		};
		00554BF8788637FF84ECD91E = {
			isa = PBXFileReference;
			lastKnownFileType = sourcecode.cpp.objcpp;
			name = "include_juce_audio_formats.mm";
			path = "../../JuceLibraryCode/include_juce_audio_formats.mm";
			sourceTree = "SOURCE_ROOT";
		};
		022AE6F68FBDCA4BA3A94A15 = {
			isa = PBXFileReference;
			lastKnownFileType = wrapper.framework;
			name = DiscRecording.framework;
			path = System/Library/Frameworks/DiscRecording.framework;
			sourceTree = SDKROOT;
		};
		06462745698B3F2E4626D60A = {
			isa = PBXFileReference;
			lastKnownFileType = wrapper.framework;
			name = CoreAudioKit.framework;
			path = System/Library/Frameworks/CoreAudioKit.framework;
			sourceTree = SDKROOT;
		};
		1119F08CAF7869E6954775A2 = {
			isa = PBXFileReference;
			lastKnownFileType = sourcecode.cpp.objcpp;
			name = "include_juce_audio_plugin_client_AU_1.mm";
			path = "../../JuceLibraryCode/include_juce_audio_plugin_client_AU_1.mm";
			sourceTree = "SOURCE_ROOT";
		};
		1452A74FF2DAF8296F9E69F8 = {
			isa = PBXFileReference;
			lastKnownFileType = sourcecode.cpp.objcpp;
			name = "include_juce_data_structures.mm";
			path = "../../JuceLibraryCode/include_juce_data_structures.mm";
			sourceTree = "SOURCE_ROOT";
		};
		1865DBDB74C21DCDE85493CD = {
			isa = PBXFileReference;
			lastKnownFileType = wrapper.framework;
			name = CoreMIDI.framework;
			path = System/Library/Frameworks/CoreMIDI.framework;
			sourceTree = SDKROOT;
		};
		1C16B195E7A3BAE43CE7552A = {
			isa = PBXFileReference;
			lastKnownFileType = wrapper.framework;
			name = AudioUnit.framework;
			path = System/Library/Frameworks/AudioUnit.framework;
			sourceTree = SDKROOT;
		};
		23A231E13603451467A42E94 = {
			isa = PBXFileReference;
			lastKnownFileType = file.nib;
			name = RecentFilesMenuTemplate.nib;
			path = RecentFilesMenuTemplate.nib;
			sourceTree = "SOURCE_ROOT";
		};
		2BE9AA742BF7DDDAF0D5EFE3 = {
			isa = PBXFileReference;
			lastKnownFileType = file;
			name = "juce_audio_basics";
			path = "../../../../sdk/modules/juce_audio_basics";
			sourceTree = "SOURCE_ROOT";
		};
		3184F3ED6D4AA774104311F1 = {
			isa = PBXFileReference;
			lastKnownFileType = sourcecode.cpp.cpp;
			name = "include_juce_audio_plugin_client_utils.cpp";
			path = "../../JuceLibraryCode/include_juce_audio_plugin_client_utils.cpp";
			sourceTree = "SOURCE_ROOT";
		};
		340849B7217C57A75A0E7B92 = {
			isa = PBXFileReference;
			lastKnownFileType = sourcecode.cpp.objcpp;
			name = "include_juce_audio_processors.mm";
			path = "../../JuceLibraryCode/include_juce_audio_processors.mm";
			sourceTree = "SOURCE_ROOT";
		};
		3FC7E3229AC1FBECCC42CD7A = {
			isa = PBXFileReference;
			lastKnownFileType = sourcecode.cpp.cpp;
			name = "include_juce_audio_plugin_client_Standalone.cpp";
			path = "../../JuceLibraryCode/include_juce_audio_plugin_client_Standalone.cpp";
			sourceTree = "SOURCE_ROOT";
		};
		400DF0CD4041B78565E6722E = {
			isa = PBXFileReference;
			lastKnownFileType = sourcecode.cpp.cpp;
			name = Main.cpp;
			path = ../../Source/Main.cpp;
			sourceTree = "SOURCE_ROOT";
		};
		4920CDBC07166C0FC0181B37 = {
			isa = PBXFileReference;
			lastKnownFileType = file;
			name = "juce_gui_basics";
			path = "../../../../sdk/modules/juce_gui_basics";
			sourceTree = "SOURCE_ROOT";
		};
		4A686C19B914BA4683D9AF04 = {
			isa = PBXFileReference;
			lastKnownFileType = file;
			name = "juce_core";
			path = "../../../../sdk/modules/juce_core";
			sourceTree = "SOURCE_ROOT";
		};
		8046C758DDA0B0BCF4C80AEE = {
			isa = PBXFileReference;
			explicitFileType = wrapper.cfbundle;
			includeInIndex = 0;
			path = NoiseGateTutorial.vst3;
			sourceTree = "BUILT_PRODUCTS_DIR";
		};
		DAEFF5BD978239B0A5FC8814 = {
			isa = PBXFileReference;
			explicitFileType = wrapper.cfbundle;
			includeInIndex = 0;
			path = NoiseGateTutorial.component;
			sourceTree = "BUILT_PRODUCTS_DIR";
		};
		34F683CFE8542F1DA9C5F90E = {
			isa = PBXFileReference;
			explicitFileType = wrapper.application;
			includeInIndex = 0;
			path = NoiseGateTutorial.app;
			sourceTree = "BUILT_PRODUCTS_DIR";
		};
		25F15B6F70AD8FE6D6D12873 = {
			isa = PBXFileReference;
			explicitFileType = archive.ar;
			includeInIndex = 0;
			path = libNoiseGateTutorial.a;
			sourceTree = "BUILT_PRODUCTS_DIR";
		};
		3AE23C91BAE5169E496B2086 = {
			isa = PBXFileReference;
			lastKnownFileType = wrapper.framework;
			name = Carbon.framework;
			path = System/Library/Frameworks/Carbon.framework;
			sourceTree = SDKROOT;
		};
		43FED6698C2BBCEC62D6C78D = {
			isa = PBXFileReference;
			lastKnownFileType = wrapper.framework;
			name = CoreAudio.framework;
			path = System/Library/Frameworks/CoreAudio.framework;
			sourceTree = SDKROOT;
		};
		4C052B9485762B1FA4D2FD41 = {
			isa = PBXFileReference;
			lastKnownFileType = file;
			name = "juce_audio_formats";
			path = "../../../../sdk/modules/juce_audio_formats";
			sourceTree = "SOURCE_ROOT";
		};
		4FE670257AC782FCF66DA483 = {
			isa = PBXFileReference;
			lastKnownFileType = wrapper.framework;
			name = AudioToolbox.framework;
			path = System/Library/Frameworks/AudioToolbox.framework;
			sourceTree = SDKROOT;
		};
		6A6D1FCA6E6EA9723E8FB55D = {
			isa = PBXFileReference;
			lastKnownFileType = file;
			name = "juce_events";
			path = "../../../../sdk/modules/juce_events";
			sourceTree = "SOURCE_ROOT";
		};
		76BA186BDF81B14BAD01C1CC = {
			isa = PBXFileReference;
			lastKnownFileType = file;
			name = "juce_gui_extra";
			path = "../../../../sdk/modules/juce_gui_extra";
			sourceTree = "SOURCE_ROOT";
		};
		7EC1626BE115E0C26159F82F = {
			isa = PBXFileReference;
			lastKnownFileType = sourcecode.c.h;
			name = JuceHeader.h;
			path = ../../JuceLibraryCode/JuceHeader.h;
			sourceTree = "SOURCE_ROOT";
		};
		84B4A8F332AC59133FC14A29 = {
			isa = PBXFileReference;
			lastKnownFileType = text.plist.xml;
			name = "Info-VST3.plist";
			path = "Info-VST3.plist";
			sourceTree = "SOURCE_ROOT";
		};
		8D2A2AA0224503703A27ED61 = {
			isa = PBXFileReference;
			lastKnownFileType = file;
			name = "juce_audio_utils";
			path = "../../../../sdk/modules/juce_audio_utils";
			sourceTree = "SOURCE_ROOT";
		};
		965E91082E7CBE419B2BF14B = {
			isa = PBXFileReference;
			lastKnownFileType = file;
			name = "juce_audio_processors";
			path = "../../../../sdk/modules/juce_audio_processors";
			sourceTree = "SOURCE_ROOT";
		};
		97DAEEB1AA9DE79D9EDA6428 = {
			isa = PBXFileReference;
			lastKnownFileType = text.plist.xml;
			name = "Info-AU.plist";
			path = "Info-AU.plist";
			sourceTree = "SOURCE_ROOT";
		};
		9DE4D98DE097B31040683DEB = {
			isa = PBXFileReference;
			lastKnownFileType = file.r;
			name = "include_juce_audio_plugin_client_AU.r";
			path = "../../JuceLibraryCode/include_juce_audio_plugin_client_AU.r";
			sourceTree = "SOURCE_ROOT";
		};
		AB0D2A082273D5EE67467C48 = {
			isa = PBXFileReference;
			lastKnownFileType = sourcecode.cpp.objcpp;
			name = "include_juce_graphics.mm";
			path = "../../JuceLibraryCode/include_juce_graphics.mm";
			sourceTree = "SOURCE_ROOT";
		};
		B16FFAEB12C071CAD2127ECC = {
			isa = PBXFileReference;
			lastKnownFileType = sourcecode.cpp.objcpp;
			name = "include_juce_gui_basics.mm";
			path = "../../JuceLibraryCode/include_juce_gui_basics.mm";
			sourceTree = "SOURCE_ROOT";
		};
		B458C508523D323059C2CE8E = {
			isa = PBXFileReference;
			lastKnownFileType = file;
			name = "juce_graphics";
			path = "../../../../sdk/modules/juce_graphics";
			sourceTree = "SOURCE_ROOT";
		};
		B8EE7D011C42D4130F96C3D9 = {
			isa = PBXFileReference;
			lastKnownFileType = sourcecode.c.h;
			name = JucePluginDefines.h;
			path = ../../JuceLibraryCode/JucePluginDefines.h;
			sourceTree = "SOURCE_ROOT";
		};
		B9A96059DE57DA64A327634C = {
			isa = PBXFileReference;
			lastKnownFileType = sourcecode.cpp.objcpp;
			name = "include_juce_audio_devices.mm";
			path = "../../JuceLibraryCode/include_juce_audio_devices.mm";
			sourceTree = "SOURCE_ROOT";
		};
		BA47D2ADBEB843D39C5388DA = {
			isa = PBXFileReference;
			lastKnownFileType = sourcecode.cpp.cpp;
			name = "include_juce_audio_plugin_client_VST3.cpp";
			path = "../../JuceLibraryCode/include_juce_audio_plugin_client_VST3.cpp";
			sourceTree = "SOURCE_ROOT";
		};
		BB0E54876C07A9581D53D36C = {
			isa = PBXFileReference;
			lastKnownFileType = wrapper.framework;
			name = QuartzCore.framework;
			path = System/Library/Frameworks/QuartzCore.framework;
			sourceTree = SDKROOT;
		};
		C51A9433A7CCE117C8780B62 = {
			isa = PBXFileReference;
			lastKnownFileType = sourcecode.cpp.objcpp;
			name = "include_juce_audio_utils.mm";
			path = "../../JuceLibraryCode/include_juce_audio_utils.mm";
			sourceTree = "SOURCE_ROOT";
		};
		CB201E14AE63133B1F1219F2 = {
			isa = PBXFileReference;
			lastKnownFileType = sourcecode.cpp.objcpp;
			name = "include_juce_audio_plugin_client_VST_utils.mm";
			path = "../../JuceLibraryCode/include_juce_audio_plugin_client_VST_utils.mm";
			sourceTree = "SOURCE_ROOT";
		};
		CFDBE683FB5C958A3E325EF1 = {
			isa = PBXFileReference;
			lastKnownFileType = sourcecode.cpp.objcpp;
			name = "include_juce_audio_basics.mm";
			path = "../../JuceLibraryCode/include_juce_audio_basics.mm";
			sourceTree = "SOURCE_ROOT";
		};
		D13702F2E64558506BBFE1DB = {
			isa = PBXFileReference;
			lastKnownFileType = sourcecode.cpp.objcpp;
			name = "include_juce_core.mm";
			path = "../../JuceLibraryCode/include_juce_core.mm";
			sourceTree = "SOURCE_ROOT";
		};
		D2BAD059A8FC4A0BC77984B5 = {
			isa = PBXFileReference;
			lastKnownFileType = sourcecode.c.h;
			name = NoiseGateTutorial.h;
			path = ../../Source/NoiseGateTutorial.h;
			sourceTree = "SOURCE_ROOT";
		};
		D9600E85C741397BF59412F6 = {
			isa = PBXFileReference;
			lastKnownFileType = wrapper.framework;
			name = WebKit.framework;
			path = System/Library/Frameworks/WebKit.framework;
			sourceTree = SDKROOT;
		};
		D9736371C2276B0E5AB14A72 = {
			isa = PBXFileReference;
			lastKnownFileType = sourcecode.cpp.objcpp;
			name = "include_juce_audio_plugin_client_AU_2.mm";
			path = "../../JuceLibraryCode/include_juce_audio_plugin_client_AU_2.mm";
			sourceTree = "SOURCE_ROOT";
		};
		DC132D694DEE7B914716D5B9 = {
			isa = PBXFileReference;
			lastKnownFileType = sourcecode.cpp.objcpp;
			name = "include_juce_events.mm";
			path = "../../JuceLibraryCode/include_juce_events.mm";
			sourceTree = "SOURCE_ROOT";
		};
		E1ECB541F73F814B19B640FB = {
			isa = PBXFileReference;
			lastKnownFileType = file;
			name = "juce_audio_devices";
			path = "../../../../sdk/modules/juce_audio_devices";
			sourceTree = "SOURCE_ROOT";
		};
		EFE948701EC0EEBD014ABF91 = {
			isa = PBXFileReference;
			lastKnownFileType = file;
			name = "juce_audio_plugin_client";
			path = "../../../../sdk/modules/juce_audio_plugin_client";
			sourceTree = "SOURCE_ROOT";
		};
		F06B47BE7A1EDBDCD59E6825 = {
			isa = PBXFileReference;
			lastKnownFileType = wrapper.framework;
			name = Accelerate.framework;
			path = System/Library/Frameworks/Accelerate.framework;
			sourceTree = SDKROOT;
		};
		F0EA6657E9184EF2D4DBAFD4 = {
			isa = PBXFileReference;
			lastKnownFileType = wrapper.framework;
			name = Cocoa.framework;
			path = System/Library/Frameworks/Cocoa.framework;
			sourceTree = SDKROOT;
		};
		F55DD492F39A64C7FE485188 = {
			isa = PBXFileReference;
			lastKnownFileType = text.plist.xml;
			name = "Info-Standalone_Plugin.plist";
			path = "Info-Standalone_Plugin.plist";
			sourceTree = "SOURCE_ROOT";
		};
		F82914491B1F9C839546D401 = {
			isa = PBXFileReference;
			lastKnownFileType = file;
			name = "juce_data_structures";
			path = "../../../../sdk/modules/juce_data_structures";
			sourceTree = "SOURCE_ROOT";
		};
		F93E98C67315172FC79E69C1 = {
			isa = PBXFileReference;
			lastKnownFileType = sourcecode.cpp.objcpp;
			name = "include_juce_gui_extra.mm";
			path = "../../JuceLibraryCode/include_juce_gui_extra.mm";
			sourceTree = "SOURCE_ROOT";
		};
		F97455D3ECA08664F4E2C7E4 = {
			isa = PBXFileReference;
			lastKnownFileType = wrapper.framework;
			name = IOKit.framework;
			path = System/Library/Frameworks/IOKit.framework;
			sourceTree = SDKROOT;
		};
		9C2223B8D25CEB663FFAC72A = {
			isa = PBXGroup;
			children = (
				400DF0CD4041B78565E6722E,
				D2BAD059A8FC4A0BC77984B5,
			);
			name = Source;
			sourceTree = "<group>";
		};
		EA41FFB21E02FB994B2416A4 = {
			isa = PBXGroup;
			children = (
				9C2223B8D25CEB663FFAC72A,
			);
			name = NoiseGateTutorial;
			sourceTree = "<group>";
		};
		3F39E17EF83570D370AA2C74 = {
			isa = PBXGroup;
			children = (
				2BE9AA742BF7DDDAF0D5EFE3,
				E1ECB541F73F814B19B640FB,
				4C052B9485762B1FA4D2FD41,
				EFE948701EC0EEBD014ABF91,
				965E91082E7CBE419B2BF14B,
				8D2A2AA0224503703A27ED61,
				4A686C19B914BA4683D9AF04,
				F82914491B1F9C839546D401,
				6A6D1FCA6E6EA9723E8FB55D,
				B458C508523D323059C2CE8E,
				4920CDBC07166C0FC0181B37,
				76BA186BDF81B14BAD01C1CC,
			);
			name = "JUCE Modules";
			sourceTree = "<group>";
		};
		22CC0078F9380E2E584D7347 = {
			isa = PBXGroup;
			children = (
				CFDBE683FB5C958A3E325EF1,
				B9A96059DE57DA64A327634C,
				00554BF8788637FF84ECD91E,
				9DE4D98DE097B31040683DEB,
				1119F08CAF7869E6954775A2,
				D9736371C2276B0E5AB14A72,
				3FC7E3229AC1FBECCC42CD7A,
				3184F3ED6D4AA774104311F1,
				CB201E14AE63133B1F1219F2,
				BA47D2ADBEB843D39C5388DA,
				340849B7217C57A75A0E7B92,
				C51A9433A7CCE117C8780B62,
				D13702F2E64558506BBFE1DB,
				1452A74FF2DAF8296F9E69F8,
				DC132D694DEE7B914716D5B9,
				AB0D2A082273D5EE67467C48,
				B16FFAEB12C071CAD2127ECC,
				F93E98C67315172FC79E69C1,
				7EC1626BE115E0C26159F82F,
				B8EE7D011C42D4130F96C3D9,
			);
			name = "JUCE Library Code";
			sourceTree = "<group>";
		};
		2AF1EADA25850CA71480B0EB = {
			isa = PBXGroup;
			children = (
				84B4A8F332AC59133FC14A29,
				97DAEEB1AA9DE79D9EDA6428,
				F55DD492F39A64C7FE485188,
				23A231E13603451467A42E94,
			);
			name = Resources;
			sourceTree = "<group>";
		};
		D907AD615F1602F74B670DE2 = {
			isa = PBXGroup;
			children = (
				1C16B195E7A3BAE43CE7552A,
				F06B47BE7A1EDBDCD59E6825,
				4FE670257AC782FCF66DA483,
				3AE23C91BAE5169E496B2086,
				F0EA6657E9184EF2D4DBAFD4,
				43FED6698C2BBCEC62D6C78D,
				06462745698B3F2E4626D60A,
				1865DBDB74C21DCDE85493CD,
				022AE6F68FBDCA4BA3A94A15,
				F97455D3ECA08664F4E2C7E4,
				BB0E54876C07A9581D53D36C,
				D9600E85C741397BF59412F6,
			);
			name = Frameworks;
			sourceTree = "<group>";
		};
		14C58FC1BA19CE123749C43A = {
			isa = PBXGroup;
			children = (
				8046C758DDA0B0BCF4C80AEE,
				DAEFF5BD978239B0A5FC8814,
				34F683CFE8542F1DA9C5F90E,
				25F15B6F70AD8FE6D6D12873,
			);
			name = Products;
			sourceTree = "<group>";
		};
		2EF6EAA135DC2873A3D841D5 = {
			isa = PBXGroup;
			children = (
				EA41FFB21E02FB994B2416A4,
				3F39E17EF83570D370AA2C74,
				22CC0078F9380E2E584D7347,
				2AF1EADA25850CA71480B0EB,
				D907AD615F1602F74B670DE2,
				14C58FC1BA19CE123749C43A,
			);
			name = Source;
			sourceTree = "<group>";
		};
		7263FE9FB1409C024791B510 = {
			isa = PBXTargetDependency;
			target = FEE443BC433DAD14392260AC;
		};
		0AEA48277484E0E028AF0281 = {
			isa = PBXTargetDependency;
			target = 3949C4B7437E77A62421A089;
		};
		B7298E9B55BED7E6A66231CE = {
			isa = PBXTargetDependency;
			target = 54EAB50B9A5C4E1D2E80A21B;
		};
		EFC837BB6999BB849366B361 = {
			isa = PBXTargetDependency;
			target = 74837B5816705A0A6C73CF88;
		};
		AB42B1F25C7C79B10CC2932E = {
			isa = PBXTargetDependency;
			target = 74837B5816705A0A6C73CF88;
		};
		5C03A75033CFE67751AE0BA6 = {
			isa = PBXTargetDependency;
			target = 74837B5816705A0A6C73CF88;
		};
		EB42D65E394D3E56933EE2CB = {
			isa = PBXTargetDependency;
			target = 74837B5816705A0A6C73CF88;
		};
		0063B2BF1ED5FD4A417CA8D3 = {
			isa = XCBuildConfiguration;
			buildSettings = {
				MACOSX_DEPLOYMENT_TARGET = 10.11;
				SDKROOT = macosx;
			};
			name = Debug;
		};
		C5B9ED572CEF479AD6F6DD2C = {
			isa = XCBuildConfiguration;
			buildSettings = {
				MACOSX_DEPLOYMENT_TARGET = 10.11;
				SDKROOT = macosx;
			};
			name = Release;
		};
		BB11E1E8D703B2CC1D52646D = {
			isa = XCBuildConfiguration;
			buildSettings = {
				CLANG_CXX_LANGUAGE_STANDARD = "c++14";
				CLANG_CXX_LIBRARY = "libc++";
				CLANG_LINK_OBJC_RUNTIME = NO;
				CODE_SIGN_IDENTITY = "";
				COMBINE_HIDPI_IMAGES = YES;
				CONFIGURATION_BUILD_DIR = "$(PROJECT_DIR)/build/$(CONFIGURATION)";
				COPY_PHASE_STRIP = NO;
				DEPLOYMENT_LOCATION = YES;
				DSTROOT = /;
				GCC_DYNAMIC_NO_PIC = NO;
				GCC_OPTIMIZATION_LEVEL = 0;
				GCC_PREPROCESSOR_DEFINITIONS = (
					"_DEBUG=1",
					"DEBUG=1",
					"JUCER_XCODE_MAC_F6D2F4CF=1",
					"JUCE_APP_VERSION=1.0.0",
					"JUCE_APP_VERSION_HEX=0x10000",
					"JucePlugin_Build_VST=0",
					"JucePlugin_Build_VST3=1",
					"JucePlugin_Build_AU=1",
					"JucePlugin_Build_AUv3=0",
					"JucePlugin_Build_RTAS=0",
					"JucePlugin_Build_AAX=0",
					"JucePlugin_Build_Standalone=1",
					"JucePlugin_Build_Unity=0",
					"JUCE_DISPLAY_SPLASH_SCREEN=0",
					"JUCE_USE_DARK_SPLASH_SCREEN=1",
					"JUCE_PROJUCER_VERSION=0x60004",
					"JUCE_MODULE_AVAILABLE_juce_audio_basics=1",
					"JUCE_MODULE_AVAILABLE_juce_audio_devices=1",
					"JUCE_MODULE_AVAILABLE_juce_audio_formats=1",
					"JUCE_MODULE_AVAILABLE_juce_audio_plugin_client=1",
					"JUCE_MODULE_AVAILABLE_juce_audio_processors=1",
					"JUCE_MODULE_AVAILABLE_juce_audio_utils=1",
					"JUCE_MODULE_AVAILABLE_juce_core=1",
					"JUCE_MODULE_AVAILABLE_juce_data_structures=1",
					"JUCE_MODULE_AVAILABLE_juce_events=1",
					"JUCE_MODULE_AVAILABLE_juce_graphics=1",
					"JUCE_MODULE_AVAILABLE_juce_gui_basics=1",
					"JUCE_MODULE_AVAILABLE_juce_gui_extra=1",
					"JUCE_GLOBAL_MODULE_SETTINGS_INCLUDED=1",
					"JUCE_VST3_CAN_REPLACE_VST2=0",
					"JucePlugin_Enable_IAA=0",
					"JucePlugin_Name=\\\"NoiseGateTutorial\\\"",
					"JucePlugin_Desc=\\\"NoiseGateTutorial\\\"",
					"JucePlugin_Manufacturer=\\\"JUCE\\\"",
					"JucePlugin_ManufacturerWebsite=\\\"http://juce.com\\\"",
					"JucePlugin_ManufacturerEmail=\\\"\\\"",
					"JucePlugin_ManufacturerCode=0x4d616e75",
					"JucePlugin_PluginCode=0x47756964",
					"JucePlugin_IsSynth=0",
					"JucePlugin_WantsMidiInput=0",
					"JucePlugin_ProducesMidiOutput=0",
					"JucePlugin_IsMidiEffect=0",
					"JucePlugin_EditorRequiresKeyboardFocus=0",
					"JucePlugin_Version=1.0.0",
					"JucePlugin_VersionCode=0x10000",
					"JucePlugin_VersionString=\\\"1.0.0\\\"",
					"JucePlugin_VSTUniqueID=JucePlugin_PluginCode",
					"JucePlugin_VSTCategory=kPlugCategEffect",
					"JucePlugin_Vst3Category=\\\"Fx\\\"",
					"JucePlugin_AUMainType='aufx'",
					"JucePlugin_AUSubType=JucePlugin_PluginCode",
					"JucePlugin_AUExportPrefix=NoiseGateTutorialAU",
					"JucePlugin_AUExportPrefixQuoted=\\\"NoiseGateTutorialAU\\\"",
					"JucePlugin_AUManufacturerCode=JucePlugin_ManufacturerCode",
					"JucePlugin_CFBundleIdentifier=com.JUCE.NoiseGateTutorial",
					"JucePlugin_RTASCategory=0",
					"JucePlugin_RTASManufacturerCode=JucePlugin_ManufacturerCode",
					"JucePlugin_RTASProductId=JucePlugin_PluginCode",
					"JucePlugin_RTASDisableBypass=0",
					"JucePlugin_RTASDisableMultiMono=0",
					"JucePlugin_AAXIdentifier=com.JUCE.NoiseGateTutorial",
					"JucePlugin_AAXManufacturerCode=JucePlugin_ManufacturerCode",
					"JucePlugin_AAXProductId=JucePlugin_PluginCode",
					"JucePlugin_AAXCategory=0",
					"JucePlugin_AAXDisableBypass=0",
					"JucePlugin_AAXDisableMultiMono=0",
					"JucePlugin_IAAType=0x61757278",
					"JucePlugin_IAASubType=JucePlugin_PluginCode",
					"JucePlugin_IAAName=\\\"JUCE:\\ NoiseGateTutorial\\\"",
					"JucePlugin_VSTNumMidiInputs=16",
					"JucePlugin_VSTNumMidiOutputs=16",
					"JUCE_STANDALONE_APPLICATION=JucePlugin_Build_Standalone",
				);
				GCC_VERSION = com.apple.compilers.llvm.clang.1_0;
				GENERATE_PKGINFO_FILE = YES;
				HEADER_SEARCH_PATHS = (
					"../../../../sdk/modules/juce_audio_processors/format_types/VST3_SDK",
					"../../JuceLibraryCode",
					"../../../../sdk/modules",
					"../../../../sdk/modules/juce_audio_plugin_client",
					"$(inherited)",
				);
				INFOPLIST_FILE = Info-VST3.plist;
				INFOPLIST_PREPROCESS = NO;
				INSTALL_PATH = "$(HOME)/Library/Audio/Plug-Ins/VST3/";
				LIBRARY_STYLE = Bundle;
				MACOSX_DEPLOYMENT_TARGET = 10.11;
				MTL_HEADER_SEARCH_PATHS = (
					"../../../../sdk/modules/juce_audio_processors/format_types/VST3_SDK",
					"../../JuceLibraryCode",
					"../../../../sdk/modules",
					"../../../../sdk/modules/juce_audio_plugin_client",
				);
				OTHER_LDFLAGS = "-bundle -lNoiseGateTutorial";
				PRODUCT_BUNDLE_IDENTIFIER = com.JUCE.NoiseGateTutorial;
				PRODUCT_NAME = "NoiseGateTutorial";
				USE_HEADERMAP = NO;
				VALID_ARCHS = "i386 x86_64 arm64 arm64e";
				WRAPPER_EXTENSION = vst3;
			};
			name = Debug;
		};
		A5753718B5C2C06A13BA5BF8 = {
			isa = XCBuildConfiguration;
			buildSettings = {
				CLANG_CXX_LANGUAGE_STANDARD = "c++14";
				CLANG_CXX_LIBRARY = "libc++";
				CLANG_LINK_OBJC_RUNTIME = NO;
				CODE_SIGN_IDENTITY = "";
				COMBINE_HIDPI_IMAGES = YES;
				CONFIGURATION_BUILD_DIR = "$(PROJECT_DIR)/build/$(CONFIGURATION)";
				DEAD_CODE_STRIPPING = YES;
				DEPLOYMENT_LOCATION = YES;
				DSTROOT = /;
				GCC_GENERATE_DEBUGGING_SYMBOLS = NO;
				GCC_OPTIMIZATION_LEVEL = 3;
				GCC_PREPROCESSOR_DEFINITIONS = (
					"_NDEBUG=1",
					"NDEBUG=1",
					"JUCER_XCODE_MAC_F6D2F4CF=1",
					"JUCE_APP_VERSION=1.0.0",
					"JUCE_APP_VERSION_HEX=0x10000",
					"JucePlugin_Build_VST=0",
					"JucePlugin_Build_VST3=1",
					"JucePlugin_Build_AU=1",
					"JucePlugin_Build_AUv3=0",
					"JucePlugin_Build_RTAS=0",
					"JucePlugin_Build_AAX=0",
					"JucePlugin_Build_Standalone=1",
					"JucePlugin_Build_Unity=0",
					"JUCE_DISPLAY_SPLASH_SCREEN=0",
					"JUCE_USE_DARK_SPLASH_SCREEN=1",
					"JUCE_PROJUCER_VERSION=0x60004",
					"JUCE_MODULE_AVAILABLE_juce_audio_basics=1",
					"JUCE_MODULE_AVAILABLE_juce_audio_devices=1",
					"JUCE_MODULE_AVAILABLE_juce_audio_formats=1",
					"JUCE_MODULE_AVAILABLE_juce_audio_plugin_client=1",
					"JUCE_MODULE_AVAILABLE_juce_audio_processors=1",
					"JUCE_MODULE_AVAILABLE_juce_audio_utils=1",
					"JUCE_MODULE_AVAILABLE_juce_core=1",
					"JUCE_MODULE_AVAILABLE_juce_data_structures=1",
					"JUCE_MODULE_AVAILABLE_juce_events=1",
					"JUCE_MODULE_AVAILABLE_juce_graphics=1",
					"JUCE_MODULE_AVAILABLE_juce_gui_basics=1",
					"JUCE_MODULE_AVAILABLE_juce_gui_extra=1",
					"JUCE_GLOBAL_MODULE_SETTINGS_INCLUDED=1",
					"JUCE_VST3_CAN_REPLACE_VST2=0",
					"JucePlugin_Enable_IAA=0",
					"JucePlugin_Name=\\\"NoiseGateTutorial\\\"",
					"JucePlugin_Desc=\\\"NoiseGateTutorial\\\"",
					"JucePlugin_Manufacturer=\\\"JUCE\\\"",
					"JucePlugin_ManufacturerWebsite=\\\"http://juce.com\\\"",
					"JucePlugin_ManufacturerEmail=\\\"\\\"",
					"JucePlugin_ManufacturerCode=0x4d616e75",
					"JucePlugin_PluginCode=0x47756964",
					"JucePlugin_IsSynth=0",
					"JucePlugin_WantsMidiInput=0",
					"JucePlugin_ProducesMidiOutput=0",
					"JucePlugin_IsMidiEffect=0",
					"JucePlugin_EditorRequiresKeyboardFocus=0",
					"JucePlugin_Version=1.0.0",
					"JucePlugin_VersionCode=0x10000",
					"JucePlugin_VersionString=\\\"1.0.0\\\"",
					"JucePlugin_VSTUniqueID=JucePlugin_PluginCode",
					"JucePlugin_VSTCategory=kPlugCategEffect",
					"JucePlugin_Vst3Category=\\\"Fx\\\"",
					"JucePlugin_AUMainType='aufx'",
					"JucePlugin_AUSubType=JucePlugin_PluginCode",
					"JucePlugin_AUExportPrefix=NoiseGateTutorialAU",
					"JucePlugin_AUExportPrefixQuoted=\\\"NoiseGateTutorialAU\\\"",
					"JucePlugin_AUManufacturerCode=JucePlugin_ManufacturerCode",
					"JucePlugin_CFBundleIdentifier=com.JUCE.NoiseGateTutorial",
					"JucePlugin_RTASCategory=0",
					"JucePlugin_RTASManufacturerCode=JucePlugin_ManufacturerCode",
					"JucePlugin_RTASProductId=JucePlugin_PluginCode",
					"JucePlugin_RTASDisableBypass=0",
					"JucePlugin_RTASDisableMultiMono=0",
					"JucePlugin_AAXIdentifier=com.JUCE.NoiseGateTutorial",
					"JucePlugin_AAXManufacturerCode=JucePlugin_ManufacturerCode",
					"JucePlugin_AAXProductId=JucePlugin_PluginCode",
					"JucePlugin_AAXCategory=0",
					"JucePlugin_AAXDisableBypass=0",
					"JucePlugin_AAXDisableMultiMono=0",
					"JucePlugin_IAAType=0x61757278",
					"JucePlugin_IAASubType=JucePlugin_PluginCode",
					"JucePlugin_IAAName=\\\"JUCE:\\ NoiseGateTutorial\\\"",
					"JucePlugin_VSTNumMidiInputs=16",
					"JucePlugin_VSTNumMidiOutputs=16",
					"JUCE_STANDALONE_APPLICATION=JucePlugin_Build_Standalone",
				);
				GCC_VERSION = com.apple.compilers.llvm.clang.1_0;
				GENERATE_PKGINFO_FILE = YES;
				HEADER_SEARCH_PATHS = (
					"../../../../sdk/modules/juce_audio_processors/format_types/VST3_SDK",
					"../../JuceLibraryCode",
					"../../../../sdk/modules",
					"../../../../sdk/modules/juce_audio_plugin_client",
					"$(inherited)",
				);
				INFOPLIST_FILE = Info-VST3.plist;
				INFOPLIST_PREPROCESS = NO;
				INSTALL_PATH = "$(HOME)/Library/Audio/Plug-Ins/VST3/";
				LIBRARY_STYLE = Bundle;
				LLVM_LTO = YES;
				MACOSX_DEPLOYMENT_TARGET = 10.11;
				MTL_HEADER_SEARCH_PATHS = (
					"../../../../sdk/modules/juce_audio_processors/format_types/VST3_SDK",
					"../../JuceLibraryCode",
					"../../../../sdk/modules",
					"../../../../sdk/modules/juce_audio_plugin_client",
				);
				OTHER_LDFLAGS = "-bundle -lNoiseGateTutorial";
				PRODUCT_BUNDLE_IDENTIFIER = com.JUCE.NoiseGateTutorial;
				PRODUCT_NAME = "NoiseGateTutorial";
				USE_HEADERMAP = NO;
				VALID_ARCHS = "i386 x86_64 arm64 arm64e";
				WRAPPER_EXTENSION = vst3;
			};
			name = Release;
		};
		40548DC53CE8FF46E12A9D06 = {
			isa = XCBuildConfiguration;
			buildSettings = {
				CLANG_CXX_LANGUAGE_STANDARD = "c++14";
				CLANG_CXX_LIBRARY = "libc++";
				CLANG_LINK_OBJC_RUNTIME = NO;
				CODE_SIGN_IDENTITY = "";
				COMBINE_HIDPI_IMAGES = YES;
				CONFIGURATION_BUILD_DIR = "$(PROJECT_DIR)/build/$(CONFIGURATION)";
				COPY_PHASE_STRIP = NO;
				DEPLOYMENT_LOCATION = YES;
				DSTROOT = /;
				GCC_DYNAMIC_NO_PIC = NO;
				GCC_OPTIMIZATION_LEVEL = 0;
				GCC_PREPROCESSOR_DEFINITIONS = (
					"_DEBUG=1",
					"DEBUG=1",
					"JUCER_XCODE_MAC_F6D2F4CF=1",
					"JUCE_APP_VERSION=1.0.0",
					"JUCE_APP_VERSION_HEX=0x10000",
					"JucePlugin_Build_VST=0",
					"JucePlugin_Build_VST3=1",
					"JucePlugin_Build_AU=1",
					"JucePlugin_Build_AUv3=0",
					"JucePlugin_Build_RTAS=0",
					"JucePlugin_Build_AAX=0",
					"JucePlugin_Build_Standalone=1",
					"JucePlugin_Build_Unity=0",
					"JUCE_DISPLAY_SPLASH_SCREEN=0",
					"JUCE_USE_DARK_SPLASH_SCREEN=1",
					"JUCE_PROJUCER_VERSION=0x60004",
					"JUCE_MODULE_AVAILABLE_juce_audio_basics=1",
					"JUCE_MODULE_AVAILABLE_juce_audio_devices=1",
					"JUCE_MODULE_AVAILABLE_juce_audio_formats=1",
					"JUCE_MODULE_AVAILABLE_juce_audio_plugin_client=1",
					"JUCE_MODULE_AVAILABLE_juce_audio_processors=1",
					"JUCE_MODULE_AVAILABLE_juce_audio_utils=1",
					"JUCE_MODULE_AVAILABLE_juce_core=1",
					"JUCE_MODULE_AVAILABLE_juce_data_structures=1",
					"JUCE_MODULE_AVAILABLE_juce_events=1",
					"JUCE_MODULE_AVAILABLE_juce_graphics=1",
					"JUCE_MODULE_AVAILABLE_juce_gui_basics=1",
					"JUCE_MODULE_AVAILABLE_juce_gui_extra=1",
					"JUCE_GLOBAL_MODULE_SETTINGS_INCLUDED=1",
					"JUCE_VST3_CAN_REPLACE_VST2=0",
					"JucePlugin_Enable_IAA=0",
					"JucePlugin_Name=\\\"NoiseGateTutorial\\\"",
					"JucePlugin_Desc=\\\"NoiseGateTutorial\\\"",
					"JucePlugin_Manufacturer=\\\"JUCE\\\"",
					"JucePlugin_ManufacturerWebsite=\\\"http://juce.com\\\"",
					"JucePlugin_ManufacturerEmail=\\\"\\\"",
					"JucePlugin_ManufacturerCode=0x4d616e75",
					"JucePlugin_PluginCode=0x47756964",
					"JucePlugin_IsSynth=0",
					"JucePlugin_WantsMidiInput=0",
					"JucePlugin_ProducesMidiOutput=0",
					"JucePlugin_IsMidiEffect=0",
					"JucePlugin_EditorRequiresKeyboardFocus=0",
					"JucePlugin_Version=1.0.0",
					"JucePlugin_VersionCode=0x10000",
					"JucePlugin_VersionString=\\\"1.0.0\\\"",
					"JucePlugin_VSTUniqueID=JucePlugin_PluginCode",
					"JucePlugin_VSTCategory=kPlugCategEffect",
					"JucePlugin_Vst3Category=\\\"Fx\\\"",
					"JucePlugin_AUMainType='aufx'",
					"JucePlugin_AUSubType=JucePlugin_PluginCode",
					"JucePlugin_AUExportPrefix=NoiseGateTutorialAU",
					"JucePlugin_AUExportPrefixQuoted=\\\"NoiseGateTutorialAU\\\"",
					"JucePlugin_AUManufacturerCode=JucePlugin_ManufacturerCode",
					"JucePlugin_CFBundleIdentifier=com.JUCE.NoiseGateTutorial",
					"JucePlugin_RTASCategory=0",
					"JucePlugin_RTASManufacturerCode=JucePlugin_ManufacturerCode",
					"JucePlugin_RTASProductId=JucePlugin_PluginCode",
					"JucePlugin_RTASDisableBypass=0",
					"JucePlugin_RTASDisableMultiMono=0",
					"JucePlugin_AAXIdentifier=com.JUCE.NoiseGateTutorial",
					"JucePlugin_AAXManufacturerCode=JucePlugin_ManufacturerCode",
					"JucePlugin_AAXProductId=JucePlugin_PluginCode",
					"JucePlugin_AAXCategory=0",
					"JucePlugin_AAXDisableBypass=0",
					"JucePlugin_AAXDisableMultiMono=0",
					"JucePlugin_IAAType=0x61757278",
					"JucePlugin_IAASubType=JucePlugin_PluginCode",
					"JucePlugin_IAAName=\\\"JUCE:\\ NoiseGateTutorial\\\"",
					"JucePlugin_VSTNumMidiInputs=16",
					"JucePlugin_VSTNumMidiOutputs=16",
					"JUCE_STANDALONE_APPLICATION=JucePlugin_Build_Standalone",
				);
				GCC_VERSION = com.apple.compilers.llvm.clang.1_0;
				GENERATE_PKGINFO_FILE = YES;
				HEADER_SEARCH_PATHS = (
					"../../../../sdk/modules/juce_audio_processors/format_types/VST3_SDK",
					"../../JuceLibraryCode",
					"../../../../sdk/modules",
					"../../../../sdk/modules/juce_audio_plugin_client",
					"$(inherited)",
				);
				INFOPLIST_FILE = Info-AU.plist;
				INFOPLIST_PREPROCESS = NO;
				INSTALL_PATH = "$(HOME)/Library/Audio/Plug-Ins/Components/";
				LIBRARY_STYLE = Bundle;
				MACOSX_DEPLOYMENT_TARGET = 10.11;
				MTL_HEADER_SEARCH_PATHS = (
					"../../../../sdk/modules/juce_audio_processors/format_types/VST3_SDK",
					"../../JuceLibraryCode",
					"../../../../sdk/modules",
					"../../../../sdk/modules/juce_audio_plugin_client",
				);
				OTHER_LDFLAGS = "-bundle -lNoiseGateTutorial";
				OTHER_REZFLAGS = "-d ppc_$ppc -d i386_$i386 -d ppc64_$ppc64 -d x86_64_$x86_64 -I /System/Library/Frameworks/CoreServices.framework/Frameworks/CarbonCore.framework/Versions/A/Headers -I \"$(DEVELOPER_DIR)/Extras/CoreAudio/AudioUnits/AUPublic/AUBase\" -I \"$(DEVELOPER_DIR)/Platforms/MacOSX.platform/Developer/SDKs/MacOSX.sdk/System/Library/Frameworks/AudioUnit.framework/Headers\"";
				PRODUCT_BUNDLE_IDENTIFIER = com.JUCE.NoiseGateTutorial;
				PRODUCT_NAME = "NoiseGateTutorial";
				USE_HEADERMAP = NO;
				VALID_ARCHS = "i386 x86_64 arm64 arm64e";
				WRAPPER_EXTENSION = component;
			};
			name = Debug;
		};
		A8BFD7A613FBB5BD3A9E8BCB = {
			isa = XCBuildConfiguration;
			buildSettings = {
				CLANG_CXX_LANGUAGE_STANDARD = "c++14";
				CLANG_CXX_LIBRARY = "libc++";
				CLANG_LINK_OBJC_RUNTIME = NO;
				CODE_SIGN_IDENTITY = "";
				COMBINE_HIDPI_IMAGES = YES;
				CONFIGURATION_BUILD_DIR = "$(PROJECT_DIR)/build/$(CONFIGURATION)";
				DEAD_CODE_STRIPPING = YES;
				DEPLOYMENT_LOCATION = YES;
				DSTROOT = /;
				GCC_GENERATE_DEBUGGING_SYMBOLS = NO;
				GCC_OPTIMIZATION_LEVEL = 3;
				GCC_PREPROCESSOR_DEFINITIONS = (
					"_NDEBUG=1",
					"NDEBUG=1",
					"JUCER_XCODE_MAC_F6D2F4CF=1",
					"JUCE_APP_VERSION=1.0.0",
					"JUCE_APP_VERSION_HEX=0x10000",
					"JucePlugin_Build_VST=0",
					"JucePlugin_Build_VST3=1",
					"JucePlugin_Build_AU=1",
					"JucePlugin_Build_AUv3=0",
					"JucePlugin_Build_RTAS=0",
					"JucePlugin_Build_AAX=0",
					"JucePlugin_Build_Standalone=1",
					"JucePlugin_Build_Unity=0",
					"JUCE_DISPLAY_SPLASH_SCREEN=0",
					"JUCE_USE_DARK_SPLASH_SCREEN=1",
					"JUCE_PROJUCER_VERSION=0x60004",
					"JUCE_MODULE_AVAILABLE_juce_audio_basics=1",
					"JUCE_MODULE_AVAILABLE_juce_audio_devices=1",
					"JUCE_MODULE_AVAILABLE_juce_audio_formats=1",
					"JUCE_MODULE_AVAILABLE_juce_audio_plugin_client=1",
					"JUCE_MODULE_AVAILABLE_juce_audio_processors=1",
					"JUCE_MODULE_AVAILABLE_juce_audio_utils=1",
					"JUCE_MODULE_AVAILABLE_juce_core=1",
					"JUCE_MODULE_AVAILABLE_juce_data_structures=1",
					"JUCE_MODULE_AVAILABLE_juce_events=1",
					"JUCE_MODULE_AVAILABLE_juce_graphics=1",
					"JUCE_MODULE_AVAILABLE_juce_gui_basics=1",
					"JUCE_MODULE_AVAILABLE_juce_gui_extra=1",
					"JUCE_GLOBAL_MODULE_SETTINGS_INCLUDED=1",
					"JUCE_VST3_CAN_REPLACE_VST2=0",
					"JucePlugin_Enable_IAA=0",
					"JucePlugin_Name=\\\"NoiseGateTutorial\\\"",
					"JucePlugin_Desc=\\\"NoiseGateTutorial\\\"",
					"JucePlugin_Manufacturer=\\\"JUCE\\\"",
					"JucePlugin_ManufacturerWebsite=\\\"http://juce.com\\\"",
					"JucePlugin_ManufacturerEmail=\\\"\\\"",
					"JucePlugin_ManufacturerCode=0x4d616e75",
					"JucePlugin_PluginCode=0x47756964",
					"JucePlugin_IsSynth=0",
					"JucePlugin_WantsMidiInput=0",
					"JucePlugin_ProducesMidiOutput=0",
					"JucePlugin_IsMidiEffect=0",
					"JucePlugin_EditorRequiresKeyboardFocus=0",
					"JucePlugin_Version=1.0.0",
					"JucePlugin_VersionCode=0x10000",
					"JucePlugin_VersionString=\\\"1.0.0\\\"",
					"JucePlugin_VSTUniqueID=JucePlugin_PluginCode",
					"JucePlugin_VSTCategory=kPlugCategEffect",
					"JucePlugin_Vst3Category=\\\"Fx\\\"",
					"JucePlugin_AUMainType='aufx'",
					"JucePlugin_AUSubType=JucePlugin_PluginCode",
					"JucePlugin_AUExportPrefix=NoiseGateTutorialAU",
					"JucePlugin_AUExportPrefixQuoted=\\\"NoiseGateTutorialAU\\\"",
					"JucePlugin_AUManufacturerCode=JucePlugin_ManufacturerCode",
					"JucePlugin_CFBundleIdentifier=com.JUCE.NoiseGateTutorial",
					"JucePlugin_RTASCategory=0",
					"JucePlugin_RTASManufacturerCode=JucePlugin_ManufacturerCode",
					"JucePlugin_RTASProductId=JucePlugin_PluginCode",
					"JucePlugin_RTASDisableBypass=0",
					"JucePlugin_RTASDisableMultiMono=0",
					"JucePlugin_AAXIdentifier=com.JUCE.NoiseGateTutorial",
					"JucePlugin_AAXManufacturerCode=JucePlugin_ManufacturerCode",
					"JucePlugin_AAXProductId=JucePlugin_PluginCode",
					"JucePlugin_AAXCategory=0",
					"JucePlugin_AAXDisableBypass=0",
					"JucePlugin_AAXDisableMultiMono=0",
					"JucePlugin_IAAType=0x61757278",
					"JucePlugin_IAASubType=JucePlugin_PluginCode",
					"JucePlugin_IAAName=\\\"JUCE:\\ NoiseGateTutorial\\\"",
					"JucePlugin_VSTNumMidiInputs=16",
					"JucePlugin_VSTNumMidiOutputs=16",
					"JUCE_STANDALONE_APPLICATION=JucePlugin_Build_Standalone",
				);
				GCC_VERSION = com.apple.compilers.llvm.clang.1_0;
				GENERATE_PKGINFO_FILE = YES;
				HEADER_SEARCH_PATHS = (
					"../../../../sdk/modules/juce_audio_processors/format_types/VST3_SDK",
					"../../JuceLibraryCode",
					"../../../../sdk/modules",
					"../../../../sdk/modules/juce_audio_plugin_client",
					"$(inherited)",
				);
				INFOPLIST_FILE = Info-AU.plist;
				INFOPLIST_PREPROCESS = NO;
				INSTALL_PATH = "$(HOME)/Library/Audio/Plug-Ins/Components/";
				LIBRARY_STYLE = Bundle;
				LLVM_LTO = YES;
				MACOSX_DEPLOYMENT_TARGET = 10.11;
				MTL_HEADER_SEARCH_PATHS = (
					"../../../../sdk/modules/juce_audio_processors/format_types/VST3_SDK",
					"../../JuceLibraryCode",
					"../../../../sdk/modules",
					"../../../../sdk/modules/juce_audio_plugin_client",
				);
				OTHER_LDFLAGS = "-bundle -lNoiseGateTutorial";
				OTHER_REZFLAGS = "-d ppc_$ppc -d i386_$i386 -d ppc64_$ppc64 -d x86_64_$x86_64 -I /System/Library/Frameworks/CoreServices.framework/Frameworks/CarbonCore.framework/Versions/A/Headers -I \"$(DEVELOPER_DIR)/Extras/CoreAudio/AudioUnits/AUPublic/AUBase\" -I \"$(DEVELOPER_DIR)/Platforms/MacOSX.platform/Developer/SDKs/MacOSX.sdk/System/Library/Frameworks/AudioUnit.framework/Headers\"";
				PRODUCT_BUNDLE_IDENTIFIER = com.JUCE.NoiseGateTutorial;
				PRODUCT_NAME = "NoiseGateTutorial";
				USE_HEADERMAP = NO;
				VALID_ARCHS = "i386 x86_64 arm64 arm64e";
				WRAPPER_EXTENSION = component;
			};
			name = Release;
		};
		1442A6A5DD6D2155DDCD6546 = {
			isa = XCBuildConfiguration;
			buildSettings = {
				CLANG_CXX_LANGUAGE_STANDARD = "c++14";
				CLANG_CXX_LIBRARY = "libc++";
				CLANG_LINK_OBJC_RUNTIME = NO;
				CODE_SIGN_IDENTITY = "";
				COMBINE_HIDPI_IMAGES = YES;
				CONFIGURATION_BUILD_DIR = "$(PROJECT_DIR)/build/$(CONFIGURATION)";
				COPY_PHASE_STRIP = NO;
				GCC_DYNAMIC_NO_PIC = NO;
				GCC_OPTIMIZATION_LEVEL = 0;
				GCC_PREPROCESSOR_DEFINITIONS = (
					"_DEBUG=1",
					"DEBUG=1",
					"JUCER_XCODE_MAC_F6D2F4CF=1",
					"JUCE_APP_VERSION=1.0.0",
					"JUCE_APP_VERSION_HEX=0x10000",
					"JucePlugin_Build_VST=0",
					"JucePlugin_Build_VST3=1",
					"JucePlugin_Build_AU=1",
					"JucePlugin_Build_AUv3=0",
					"JucePlugin_Build_RTAS=0",
					"JucePlugin_Build_AAX=0",
					"JucePlugin_Build_Standalone=1",
					"JucePlugin_Build_Unity=0",
					"JUCE_DISPLAY_SPLASH_SCREEN=0",
					"JUCE_USE_DARK_SPLASH_SCREEN=1",
					"JUCE_PROJUCER_VERSION=0x60004",
					"JUCE_MODULE_AVAILABLE_juce_audio_basics=1",
					"JUCE_MODULE_AVAILABLE_juce_audio_devices=1",
					"JUCE_MODULE_AVAILABLE_juce_audio_formats=1",
					"JUCE_MODULE_AVAILABLE_juce_audio_plugin_client=1",
					"JUCE_MODULE_AVAILABLE_juce_audio_processors=1",
					"JUCE_MODULE_AVAILABLE_juce_audio_utils=1",
					"JUCE_MODULE_AVAILABLE_juce_core=1",
					"JUCE_MODULE_AVAILABLE_juce_data_structures=1",
					"JUCE_MODULE_AVAILABLE_juce_events=1",
					"JUCE_MODULE_AVAILABLE_juce_graphics=1",
					"JUCE_MODULE_AVAILABLE_juce_gui_basics=1",
					"JUCE_MODULE_AVAILABLE_juce_gui_extra=1",
					"JUCE_GLOBAL_MODULE_SETTINGS_INCLUDED=1",
					"JUCE_VST3_CAN_REPLACE_VST2=0",
					"JucePlugin_Enable_IAA=0",
					"JucePlugin_Name=\\\"NoiseGateTutorial\\\"",
					"JucePlugin_Desc=\\\"NoiseGateTutorial\\\"",
					"JucePlugin_Manufacturer=\\\"JUCE\\\"",
					"JucePlugin_ManufacturerWebsite=\\\"http://juce.com\\\"",
					"JucePlugin_ManufacturerEmail=\\\"\\\"",
					"JucePlugin_ManufacturerCode=0x4d616e75",
					"JucePlugin_PluginCode=0x47756964",
					"JucePlugin_IsSynth=0",
					"JucePlugin_WantsMidiInput=0",
					"JucePlugin_ProducesMidiOutput=0",
					"JucePlugin_IsMidiEffect=0",
					"JucePlugin_EditorRequiresKeyboardFocus=0",
					"JucePlugin_Version=1.0.0",
					"JucePlugin_VersionCode=0x10000",
					"JucePlugin_VersionString=\\\"1.0.0\\\"",
					"JucePlugin_VSTUniqueID=JucePlugin_PluginCode",
					"JucePlugin_VSTCategory=kPlugCategEffect",
					"JucePlugin_Vst3Category=\\\"Fx\\\"",
					"JucePlugin_AUMainType='aufx'",
					"JucePlugin_AUSubType=JucePlugin_PluginCode",
					"JucePlugin_AUExportPrefix=NoiseGateTutorialAU",
					"JucePlugin_AUExportPrefixQuoted=\\\"NoiseGateTutorialAU\\\"",
					"JucePlugin_AUManufacturerCode=JucePlugin_ManufacturerCode",
					"JucePlugin_CFBundleIdentifier=com.JUCE.NoiseGateTutorial",
					"JucePlugin_RTASCategory=0",
					"JucePlugin_RTASManufacturerCode=JucePlugin_ManufacturerCode",
					"JucePlugin_RTASProductId=JucePlugin_PluginCode",
					"JucePlugin_RTASDisableBypass=0",
					"JucePlugin_RTASDisableMultiMono=0",
					"JucePlugin_AAXIdentifier=com.JUCE.NoiseGateTutorial",
					"JucePlugin_AAXManufacturerCode=JucePlugin_ManufacturerCode",
					"JucePlugin_AAXProductId=JucePlugin_PluginCode",
					"JucePlugin_AAXCategory=0",
					"JucePlugin_AAXDisableBypass=0",
					"JucePlugin_AAXDisableMultiMono=0",
					"JucePlugin_IAAType=0x61757278",
					"JucePlugin_IAASubType=JucePlugin_PluginCode",
					"JucePlugin_IAAName=\\\"JUCE:\\ NoiseGateTutorial\\\"",
					"JucePlugin_VSTNumMidiInputs=16",
					"JucePlugin_VSTNumMidiOutputs=16",
					"JUCE_STANDALONE_APPLICATION=JucePlugin_Build_Standalone",
				);
				GCC_VERSION = com.apple.compilers.llvm.clang.1_0;
				HEADER_SEARCH_PATHS = (
					"../../../../sdk/modules/juce_audio_processors/format_types/VST3_SDK",
					"../../JuceLibraryCode",
					"../../../../sdk/modules",
					"../../../../sdk/modules/juce_audio_plugin_client",
					"$(inherited)",
				);
				INFOPLIST_FILE = Info-Standalone_Plugin.plist;
				INFOPLIST_PREPROCESS = NO;
				MACOSX_DEPLOYMENT_TARGET = 10.11;
				MTL_HEADER_SEARCH_PATHS = (
					"../../../../sdk/modules/juce_audio_processors/format_types/VST3_SDK",
					"../../JuceLibraryCode",
					"../../../../sdk/modules",
					"../../../../sdk/modules/juce_audio_plugin_client",
				);
				OTHER_LDFLAGS = "-lNoiseGateTutorial";
				PRODUCT_BUNDLE_IDENTIFIER = com.JUCE.NoiseGateTutorial;
				PRODUCT_NAME = "NoiseGateTutorial";
				USE_HEADERMAP = NO;
				VALID_ARCHS = "i386 x86_64 arm64 arm64e";
			};
			name = Debug;
		};
		58E1BCD2F6CAE277E8802844 = {
			isa = XCBuildConfiguration;
			buildSettings = {
				CLANG_CXX_LANGUAGE_STANDARD = "c++14";
				CLANG_CXX_LIBRARY = "libc++";
				CLANG_LINK_OBJC_RUNTIME = NO;
				CODE_SIGN_IDENTITY = "";
				COMBINE_HIDPI_IMAGES = YES;
				CONFIGURATION_BUILD_DIR = "$(PROJECT_DIR)/build/$(CONFIGURATION)";
				DEAD_CODE_STRIPPING = YES;
				GCC_GENERATE_DEBUGGING_SYMBOLS = NO;
				GCC_OPTIMIZATION_LEVEL = 3;
				GCC_PREPROCESSOR_DEFINITIONS = (
					"_NDEBUG=1",
					"NDEBUG=1",
					"JUCER_XCODE_MAC_F6D2F4CF=1",
					"JUCE_APP_VERSION=1.0.0",
					"JUCE_APP_VERSION_HEX=0x10000",
					"JucePlugin_Build_VST=0",
					"JucePlugin_Build_VST3=1",
					"JucePlugin_Build_AU=1",
					"JucePlugin_Build_AUv3=0",
					"JucePlugin_Build_RTAS=0",
					"JucePlugin_Build_AAX=0",
					"JucePlugin_Build_Standalone=1",
					"JucePlugin_Build_Unity=0",
					"JUCE_DISPLAY_SPLASH_SCREEN=0",
					"JUCE_USE_DARK_SPLASH_SCREEN=1",
					"JUCE_PROJUCER_VERSION=0x60004",
					"JUCE_MODULE_AVAILABLE_juce_audio_basics=1",
					"JUCE_MODULE_AVAILABLE_juce_audio_devices=1",
					"JUCE_MODULE_AVAILABLE_juce_audio_formats=1",
					"JUCE_MODULE_AVAILABLE_juce_audio_plugin_client=1",
					"JUCE_MODULE_AVAILABLE_juce_audio_processors=1",
					"JUCE_MODULE_AVAILABLE_juce_audio_utils=1",
					"JUCE_MODULE_AVAILABLE_juce_core=1",
					"JUCE_MODULE_AVAILABLE_juce_data_structures=1",
					"JUCE_MODULE_AVAILABLE_juce_events=1",
					"JUCE_MODULE_AVAILABLE_juce_graphics=1",
					"JUCE_MODULE_AVAILABLE_juce_gui_basics=1",
					"JUCE_MODULE_AVAILABLE_juce_gui_extra=1",
					"JUCE_GLOBAL_MODULE_SETTINGS_INCLUDED=1",
					"JUCE_VST3_CAN_REPLACE_VST2=0",
					"JucePlugin_Enable_IAA=0",
					"JucePlugin_Name=\\\"NoiseGateTutorial\\\"",
					"JucePlugin_Desc=\\\"NoiseGateTutorial\\\"",
					"JucePlugin_Manufacturer=\\\"JUCE\\\"",
					"JucePlugin_ManufacturerWebsite=\\\"http://juce.com\\\"",
					"JucePlugin_ManufacturerEmail=\\\"\\\"",
					"JucePlugin_ManufacturerCode=0x4d616e75",
					"JucePlugin_PluginCode=0x47756964",
					"JucePlugin_IsSynth=0",
					"JucePlugin_WantsMidiInput=0",
					"JucePlugin_ProducesMidiOutput=0",
					"JucePlugin_IsMidiEffect=0",
					"JucePlugin_EditorRequiresKeyboardFocus=0",
					"JucePlugin_Version=1.0.0",
					"JucePlugin_VersionCode=0x10000",
					"JucePlugin_VersionString=\\\"1.0.0\\\"",
					"JucePlugin_VSTUniqueID=JucePlugin_PluginCode",
					"JucePlugin_VSTCategory=kPlugCategEffect",
					"JucePlugin_Vst3Category=\\\"Fx\\\"",
					"JucePlugin_AUMainType='aufx'",
					"JucePlugin_AUSubType=JucePlugin_PluginCode",
					"JucePlugin_AUExportPrefix=NoiseGateTutorialAU",
					"JucePlugin_AUExportPrefixQuoted=\\\"NoiseGateTutorialAU\\\"",
					"JucePlugin_AUManufacturerCode=JucePlugin_ManufacturerCode",
					"JucePlugin_CFBundleIdentifier=com.JUCE.NoiseGateTutorial",
					"JucePlugin_RTASCategory=0",
					"JucePlugin_RTASManufacturerCode=JucePlugin_ManufacturerCode",
					"JucePlugin_RTASProductId=JucePlugin_PluginCode",
					"JucePlugin_RTASDisableBypass=0",
					"JucePlugin_RTASDisableMultiMono=0",
					"JucePlugin_AAXIdentifier=com.JUCE.NoiseGateTutorial",
					"JucePlugin_AAXManufacturerCode=JucePlugin_ManufacturerCode",
					"JucePlugin_AAXProductId=JucePlugin_PluginCode",
					"JucePlugin_AAXCategory=0",
					"JucePlugin_AAXDisableBypass=0",
					"JucePlugin_AAXDisableMultiMono=0",
					"JucePlugin_IAAType=0x61757278",
					"JucePlugin_IAASubType=JucePlugin_PluginCode",
					"JucePlugin_IAAName=\\\"JUCE:\\ NoiseGateTutorial\\\"",
					"JucePlugin_VSTNumMidiInputs=16",
					"JucePlugin_VSTNumMidiOutputs=16",
					"JUCE_STANDALONE_APPLICATION=JucePlugin_Build_Standalone",
				);
				GCC_VERSION = com.apple.compilers.llvm.clang.1_0;
				HEADER_SEARCH_PATHS = (
					"../../../../sdk/modules/juce_audio_processors/format_types/VST3_SDK",
					"../../JuceLibraryCode",
					"../../../../sdk/modules",
					"../../../../sdk/modules/juce_audio_plugin_client",
					"$(inherited)",
				);
				INFOPLIST_FILE = Info-Standalone_Plugin.plist;
				INFOPLIST_PREPROCESS = NO;
				LLVM_LTO = YES;
				MACOSX_DEPLOYMENT_TARGET = 10.11;
				MTL_HEADER_SEARCH_PATHS = (
					"../../../../sdk/modules/juce_audio_processors/format_types/VST3_SDK",
					"../../JuceLibraryCode",
					"../../../../sdk/modules",
					"../../../../sdk/modules/juce_audio_plugin_client",
				);
				OTHER_LDFLAGS = "-lNoiseGateTutorial";
				PRODUCT_BUNDLE_IDENTIFIER = com.JUCE.NoiseGateTutorial;
				PRODUCT_NAME = "NoiseGateTutorial";
				USE_HEADERMAP = NO;
				VALID_ARCHS = "i386 x86_64 arm64 arm64e";
			};
			name = Release;
		};
		A8ECDC547E60F7ECCFD11FFD = {
			isa = XCBuildConfiguration;
			buildSettings = {
				CLANG_CXX_LANGUAGE_STANDARD = "c++14";
				CLANG_CXX_LIBRARY = "libc++";
				CLANG_LINK_OBJC_RUNTIME = NO;
				CODE_SIGN_IDENTITY = "";
				COMBINE_HIDPI_IMAGES = YES;
				CONFIGURATION_BUILD_DIR = "$(PROJECT_DIR)/build/$(CONFIGURATION)";
				COPY_PHASE_STRIP = NO;
				GCC_DYNAMIC_NO_PIC = NO;
				GCC_OPTIMIZATION_LEVEL = 0;
				GCC_PREPROCESSOR_DEFINITIONS = (
					"_DEBUG=1",
					"DEBUG=1",
					"JUCER_XCODE_MAC_F6D2F4CF=1",
					"JUCE_APP_VERSION=1.0.0",
					"JUCE_APP_VERSION_HEX=0x10000",
					"JucePlugin_Build_VST=0",
					"JucePlugin_Build_VST3=1",
					"JucePlugin_Build_AU=1",
					"JucePlugin_Build_AUv3=0",
					"JucePlugin_Build_RTAS=0",
					"JucePlugin_Build_AAX=0",
					"JucePlugin_Build_Standalone=1",
					"JucePlugin_Build_Unity=0",
					"JUCE_SHARED_CODE=1",
					"JUCE_DISPLAY_SPLASH_SCREEN=0",
					"JUCE_USE_DARK_SPLASH_SCREEN=1",
					"JUCE_PROJUCER_VERSION=0x60004",
					"JUCE_MODULE_AVAILABLE_juce_audio_basics=1",
					"JUCE_MODULE_AVAILABLE_juce_audio_devices=1",
					"JUCE_MODULE_AVAILABLE_juce_audio_formats=1",
					"JUCE_MODULE_AVAILABLE_juce_audio_plugin_client=1",
					"JUCE_MODULE_AVAILABLE_juce_audio_processors=1",
					"JUCE_MODULE_AVAILABLE_juce_audio_utils=1",
					"JUCE_MODULE_AVAILABLE_juce_core=1",
					"JUCE_MODULE_AVAILABLE_juce_data_structures=1",
					"JUCE_MODULE_AVAILABLE_juce_events=1",
					"JUCE_MODULE_AVAILABLE_juce_graphics=1",
					"JUCE_MODULE_AVAILABLE_juce_gui_basics=1",
					"JUCE_MODULE_AVAILABLE_juce_gui_extra=1",
					"JUCE_GLOBAL_MODULE_SETTINGS_INCLUDED=1",
					"JUCE_VST3_CAN_REPLACE_VST2=0",
					"JucePlugin_Enable_IAA=0",
					"JucePlugin_Name=\\\"NoiseGateTutorial\\\"",
					"JucePlugin_Desc=\\\"NoiseGateTutorial\\\"",
					"JucePlugin_Manufacturer=\\\"JUCE\\\"",
					"JucePlugin_ManufacturerWebsite=\\\"http://juce.com\\\"",
					"JucePlugin_ManufacturerEmail=\\\"\\\"",
					"JucePlugin_ManufacturerCode=0x4d616e75",
					"JucePlugin_PluginCode=0x47756964",
					"JucePlugin_IsSynth=0",
					"JucePlugin_WantsMidiInput=0",
					"JucePlugin_ProducesMidiOutput=0",
					"JucePlugin_IsMidiEffect=0",
					"JucePlugin_EditorRequiresKeyboardFocus=0",
					"JucePlugin_Version=1.0.0",
					"JucePlugin_VersionCode=0x10000",
					"JucePlugin_VersionString=\\\"1.0.0\\\"",
					"JucePlugin_VSTUniqueID=JucePlugin_PluginCode",
					"JucePlugin_VSTCategory=kPlugCategEffect",
					"JucePlugin_Vst3Category=\\\"Fx\\\"",
					"JucePlugin_AUMainType='aufx'",
					"JucePlugin_AUSubType=JucePlugin_PluginCode",
					"JucePlugin_AUExportPrefix=NoiseGateTutorialAU",
					"JucePlugin_AUExportPrefixQuoted=\\\"NoiseGateTutorialAU\\\"",
					"JucePlugin_AUManufacturerCode=JucePlugin_ManufacturerCode",
					"JucePlugin_CFBundleIdentifier=com.JUCE.NoiseGateTutorial",
					"JucePlugin_RTASCategory=0",
					"JucePlugin_RTASManufacturerCode=JucePlugin_ManufacturerCode",
					"JucePlugin_RTASProductId=JucePlugin_PluginCode",
					"JucePlugin_RTASDisableBypass=0",
					"JucePlugin_RTASDisableMultiMono=0",
					"JucePlugin_AAXIdentifier=com.JUCE.NoiseGateTutorial",
					"JucePlugin_AAXManufacturerCode=JucePlugin_ManufacturerCode",
					"JucePlugin_AAXProductId=JucePlugin_PluginCode",
					"JucePlugin_AAXCategory=0",
					"JucePlugin_AAXDisableBypass=0",
					"JucePlugin_AAXDisableMultiMono=0",
					"JucePlugin_IAAType=0x61757278",
					"JucePlugin_IAASubType=JucePlugin_PluginCode",
					"JucePlugin_IAAName=\\\"JUCE:\\ NoiseGateTutorial\\\"",
					"JucePlugin_VSTNumMidiInputs=16",
					"JucePlugin_VSTNumMidiOutputs=16",
					"JUCE_STANDALONE_APPLICATION=JucePlugin_Build_Standalone",
				);
				GCC_VERSION = com.apple.compilers.llvm.clang.1_0;
				HEADER_SEARCH_PATHS = (
					"../../../../sdk/modules/juce_audio_processors/format_types/VST3_SDK",
					"../../JuceLibraryCode",
					"../../../../sdk/modules",
					"../../../../sdk/modules/juce_audio_plugin_client",
					"$(inherited)",
				);
				INSTALL_PATH = "@executable_path/../Frameworks";
				MACOSX_DEPLOYMENT_TARGET = 10.11;
				MTL_HEADER_SEARCH_PATHS = (
					"../../../../sdk/modules/juce_audio_processors/format_types/VST3_SDK",
					"../../JuceLibraryCode",
					"../../../../sdk/modules",
					"../../../../sdk/modules/juce_audio_plugin_client",
				);
				PRODUCT_BUNDLE_IDENTIFIER = com.JUCE.NoiseGateTutorial;
				PRODUCT_NAME = "NoiseGateTutorial";
				SKIP_INSTALL = YES;
				USE_HEADERMAP = NO;
				VALID_ARCHS = "i386 x86_64 arm64 arm64e";
			};
			name = Debug;
		};
		13156D9EEF8E4B418796830B = {
			isa = XCBuildConfiguration;
			buildSettings = {
				CLANG_CXX_LANGUAGE_STANDARD = "c++14";
				CLANG_CXX_LIBRARY = "libc++";
				CLANG_LINK_OBJC_RUNTIME = NO;
				CODE_SIGN_IDENTITY = "";
				COMBINE_HIDPI_IMAGES = YES;
				CONFIGURATION_BUILD_DIR = "$(PROJECT_DIR)/build/$(CONFIGURATION)";
				DEAD_CODE_STRIPPING = YES;
				GCC_GENERATE_DEBUGGING_SYMBOLS = NO;
				GCC_OPTIMIZATION_LEVEL = 3;
				GCC_PREPROCESSOR_DEFINITIONS = (
					"_NDEBUG=1",
					"NDEBUG=1",
					"JUCER_XCODE_MAC_F6D2F4CF=1",
					"JUCE_APP_VERSION=1.0.0",
					"JUCE_APP_VERSION_HEX=0x10000",
					"JucePlugin_Build_VST=0",
					"JucePlugin_Build_VST3=1",
					"JucePlugin_Build_AU=1",
					"JucePlugin_Build_AUv3=0",
					"JucePlugin_Build_RTAS=0",
					"JucePlugin_Build_AAX=0",
					"JucePlugin_Build_Standalone=1",
					"JucePlugin_Build_Unity=0",
					"JUCE_SHARED_CODE=1",
					"JUCE_DISPLAY_SPLASH_SCREEN=0",
					"JUCE_USE_DARK_SPLASH_SCREEN=1",
					"JUCE_PROJUCER_VERSION=0x60004",
					"JUCE_MODULE_AVAILABLE_juce_audio_basics=1",
					"JUCE_MODULE_AVAILABLE_juce_audio_devices=1",
					"JUCE_MODULE_AVAILABLE_juce_audio_formats=1",
					"JUCE_MODULE_AVAILABLE_juce_audio_plugin_client=1",
					"JUCE_MODULE_AVAILABLE_juce_audio_processors=1",
					"JUCE_MODULE_AVAILABLE_juce_audio_utils=1",
					"JUCE_MODULE_AVAILABLE_juce_core=1",
					"JUCE_MODULE_AVAILABLE_juce_data_structures=1",
					"JUCE_MODULE_AVAILABLE_juce_events=1",
					"JUCE_MODULE_AVAILABLE_juce_graphics=1",
					"JUCE_MODULE_AVAILABLE_juce_gui_basics=1",
					"JUCE_MODULE_AVAILABLE_juce_gui_extra=1",
					"JUCE_GLOBAL_MODULE_SETTINGS_INCLUDED=1",
					"JUCE_VST3_CAN_REPLACE_VST2=0",
					"JucePlugin_Enable_IAA=0",
					"JucePlugin_Name=\\\"NoiseGateTutorial\\\"",
					"JucePlugin_Desc=\\\"NoiseGateTutorial\\\"",
					"JucePlugin_Manufacturer=\\\"JUCE\\\"",
					"JucePlugin_ManufacturerWebsite=\\\"http://juce.com\\\"",
					"JucePlugin_ManufacturerEmail=\\\"\\\"",
					"JucePlugin_ManufacturerCode=0x4d616e75",
					"JucePlugin_PluginCode=0x47756964",
					"JucePlugin_IsSynth=0",
					"JucePlugin_WantsMidiInput=0",
					"JucePlugin_ProducesMidiOutput=0",
					"JucePlugin_IsMidiEffect=0",
					"JucePlugin_EditorRequiresKeyboardFocus=0",
					"JucePlugin_Version=1.0.0",
					"JucePlugin_VersionCode=0x10000",
					"JucePlugin_VersionString=\\\"1.0.0\\\"",
					"JucePlugin_VSTUniqueID=JucePlugin_PluginCode",
					"JucePlugin_VSTCategory=kPlugCategEffect",
					"JucePlugin_Vst3Category=\\\"Fx\\\"",
					"JucePlugin_AUMainType='aufx'",
					"JucePlugin_AUSubType=JucePlugin_PluginCode",
					"JucePlugin_AUExportPrefix=NoiseGateTutorialAU",
					"JucePlugin_AUExportPrefixQuoted=\\\"NoiseGateTutorialAU\\\"",
					"JucePlugin_AUManufacturerCode=JucePlugin_ManufacturerCode",
					"JucePlugin_CFBundleIdentifier=com.JUCE.NoiseGateTutorial",
					"JucePlugin_RTASCategory=0",
					"JucePlugin_RTASManufacturerCode=JucePlugin_ManufacturerCode",
					"JucePlugin_RTASProductId=JucePlugin_PluginCode",
					"JucePlugin_RTASDisableBypass=0",
					"JucePlugin_RTASDisableMultiMono=0",
					"JucePlugin_AAXIdentifier=com.JUCE.NoiseGateTutorial",
					"JucePlugin_AAXManufacturerCode=JucePlugin_ManufacturerCode",
					"JucePlugin_AAXProductId=JucePlugin_PluginCode",
					"JucePlugin_AAXCategory=0",
					"JucePlugin_AAXDisableBypass=0",
					"JucePlugin_AAXDisableMultiMono=0",
					"JucePlugin_IAAType=0x61757278",
					"JucePlugin_IAASubType=JucePlugin_PluginCode",
					"JucePlugin_IAAName=\\\"JUCE:\\ NoiseGateTutorial\\\"",
					"JucePlugin_VSTNumMidiInputs=16",
					"JucePlugin_VSTNumMidiOutputs=16",
					"JUCE_STANDALONE_APPLICATION=JucePlugin_Build_Standalone",
				);
				GCC_VERSION = com.apple.compilers.llvm.clang.1_0;
				HEADER_SEARCH_PATHS = (
					"../../../../sdk/modules/juce_audio_processors/format_types/VST3_SDK",
					"../../JuceLibraryCode",
					"../../../../sdk/modules",
					"../../../../sdk/modules/juce_audio_plugin_client",
					"$(inherited)",
				);
				INSTALL_PATH = "@executable_path/../Frameworks";
				LLVM_LTO = YES;
				MACOSX_DEPLOYMENT_TARGET = 10.11;
				MTL_HEADER_SEARCH_PATHS = (
					"../../../../sdk/modules/juce_audio_processors/format_types/VST3_SDK",
					"../../JuceLibraryCode",
					"../../../../sdk/modules",
					"../../../../sdk/modules/juce_audio_plugin_client",
				);
				PRODUCT_BUNDLE_IDENTIFIER = com.JUCE.NoiseGateTutorial;
				PRODUCT_NAME = "NoiseGateTutorial";
				SKIP_INSTALL = YES;
				USE_HEADERMAP = NO;
				VALID_ARCHS = "i386 x86_64 arm64 arm64e";
			};
			name = Release;
		};
		9AD00D4F6F368BDCF2EFD6D5 = {
			isa = XCBuildConfiguration;
			buildSettings = {
				ALWAYS_SEARCH_USER_PATHS = NO;
				CLANG_ENABLE_OBJC_WEAK = YES;
				CLANG_WARN_BLOCK_CAPTURE_AUTORELEASING = YES;
				CLANG_WARN_BOOL_CONVERSION = YES;
				CLANG_WARN_COMMA = YES;
				CLANG_WARN_CONSTANT_CONVERSION = YES;
				CLANG_WARN_DEPRECATED_OBJC_IMPLEMENTATIONS = YES;
				CLANG_WARN_EMPTY_BODY = YES;
				CLANG_WARN_ENUM_CONVERSION = YES;
				CLANG_WARN_INFINITE_RECURSION = YES;
				CLANG_WARN_INT_CONVERSION = YES;
				CLANG_WARN_NON_LITERAL_NULL_CONVERSION = YES;
				CLANG_WARN_OBJC_IMPLICIT_RETAIN_SELF = YES;
				CLANG_WARN_OBJC_LITERAL_CONVERSION = YES;
				CLANG_WARN_RANGE_LOOP_ANALYSIS = YES;
				CLANG_WARN_STRICT_PROTOTYPES = YES;
				CLANG_WARN_SUSPICIOUS_MOVE = YES;
				CLANG_WARN_UNREACHABLE_CODE = YES;
				CLANG_WARN__DUPLICATE_METHOD_MATCH = YES;
				CODE_SIGN_IDENTITY = "";
				DEBUG_INFORMATION_FORMAT = dwarf;
				ENABLE_STRICT_OBJC_MSGSEND = YES;
				ENABLE_TESTABILITY = NO;
				GCC_C_LANGUAGE_STANDARD = c11;
				GCC_INLINES_ARE_PRIVATE_EXTERN = YES;
				GCC_MODEL_TUNING = G5;
				GCC_NO_COMMON_BLOCKS = YES;
				GCC_SYMBOLS_PRIVATE_EXTERN = YES;
				GCC_WARN_64_TO_32_BIT_CONVERSION = YES;
				GCC_WARN_ABOUT_RETURN_TYPE = YES;
				GCC_WARN_CHECK_SWITCH_STATEMENTS = YES;
				GCC_WARN_MISSING_PARENTHESES = YES;
				GCC_WARN_NON_VIRTUAL_DESTRUCTOR = YES;
				GCC_WARN_TYPECHECK_CALLS_TO_PRINTF = YES;
				GCC_WARN_UNDECLARED_SELECTOR = YES;
				GCC_WARN_UNINITIALIZED_AUTOS = YES;
				GCC_WARN_UNUSED_FUNCTION = YES;
				GCC_WARN_UNUSED_VARIABLE = YES;
				ONLY_ACTIVE_ARCH = YES;
				PRODUCT_NAME = "NoiseGateTutorial";
				SDKROOT = macosx;
				WARNING_CFLAGS = "-Wreorder";
				ZERO_LINK = NO;
			};
			name = Debug;
		};
		C498C8CC182A973EBDCE15A8 = {
			isa = XCBuildConfiguration;
			buildSettings = {
				ALWAYS_SEARCH_USER_PATHS = NO;
				CLANG_ENABLE_OBJC_WEAK = YES;
				CLANG_WARN_BLOCK_CAPTURE_AUTORELEASING = YES;
				CLANG_WARN_BOOL_CONVERSION = YES;
				CLANG_WARN_COMMA = YES;
				CLANG_WARN_CONSTANT_CONVERSION = YES;
				CLANG_WARN_DEPRECATED_OBJC_IMPLEMENTATIONS = YES;
				CLANG_WARN_EMPTY_BODY = YES;
				CLANG_WARN_ENUM_CONVERSION = YES;
				CLANG_WARN_INFINITE_RECURSION = YES;
				CLANG_WARN_INT_CONVERSION = YES;
				CLANG_WARN_NON_LITERAL_NULL_CONVERSION = YES;
				CLANG_WARN_OBJC_IMPLICIT_RETAIN_SELF = YES;
				CLANG_WARN_OBJC_LITERAL_CONVERSION = YES;
				CLANG_WARN_RANGE_LOOP_ANALYSIS = YES;
				CLANG_WARN_STRICT_PROTOTYPES = YES;
				CLANG_WARN_SUSPICIOUS_MOVE = YES;
				CLANG_WARN_UNREACHABLE_CODE = YES;
				CLANG_WARN__DUPLICATE_METHOD_MATCH = YES;
				CODE_SIGN_IDENTITY = "";
				DEBUG_INFORMATION_FORMAT = dwarf;
				ENABLE_STRICT_OBJC_MSGSEND = YES;
				ENABLE_TESTABILITY = NO;
				GCC_C_LANGUAGE_STANDARD = c11;
				GCC_INLINES_ARE_PRIVATE_EXTERN = YES;
				GCC_MODEL_TUNING = G5;
				GCC_NO_COMMON_BLOCKS = YES;
				GCC_SYMBOLS_PRIVATE_EXTERN = YES;
				GCC_WARN_64_TO_32_BIT_CONVERSION = YES;
				GCC_WARN_ABOUT_RETURN_TYPE = YES;
				GCC_WARN_CHECK_SWITCH_STATEMENTS = YES;
				GCC_WARN_MISSING_PARENTHESES = YES;
				GCC_WARN_NON_VIRTUAL_DESTRUCTOR = YES;
				GCC_WARN_TYPECHECK_CALLS_TO_PRINTF = YES;
				GCC_WARN_UNDECLARED_SELECTOR = YES;
				GCC_WARN_UNINITIALIZED_AUTOS = YES;
				GCC_WARN_UNUSED_FUNCTION = YES;
				GCC_WARN_UNUSED_VARIABLE = YES;
				PRODUCT_NAME = "NoiseGateTutorial";
				SDKROOT = macosx;
				WARNING_CFLAGS = "-Wreorder";
				ZERO_LINK = NO;
			};
			name = Release;
		};
		6B033A7DD4D779F3E91EAE82 = {
			isa = XCConfigurationList;
			buildConfigurations = (
				9AD00D4F6F368BDCF2EFD6D5,
				C498C8CC182A973EBDCE15A8,
			);
			defaultConfigurationIsVisible = 0;
			defaultConfigurationName = Debug;
		};
		DAEEC5D0CBF3AA64ABADF19C = {
			isa = XCConfigurationList;
			buildConfigurations = (
				0063B2BF1ED5FD4A417CA8D3,
				C5B9ED572CEF479AD6F6DD2C,
			);
			defaultConfigurationIsVisible = 0;
			defaultConfigurationName = Debug;
		};
		6F7520C4A98F43E817B30B1E = {
			isa = PBXAggregateTarget;
			buildConfigurationList = DAEEC5D0CBF3AA64ABADF19C;
			buildPhases = ( );
			buildRules = ( );
			dependencies = (
				7263FE9FB1409C024791B510,
				0AEA48277484E0E028AF0281,
				B7298E9B55BED7E6A66231CE,
				EFC837BB6999BB849366B361,
			);
			name = "NoiseGateTutorial - All";
			productName = NoiseGateTutorial;
		};
		CC4D3107431EE3C912DDEE8A = {
			isa = XCConfigurationList;
			buildConfigurations = (
				BB11E1E8D703B2CC1D52646D,
				A5753718B5C2C06A13BA5BF8,
			);
			defaultConfigurationIsVisible = 0;
			defaultConfigurationName = Debug;
		};
		C2979632D294E4E46F2A500C = {
			isa = PBXResourcesBuildPhase;
			buildActionMask = 2147483647;
			files = (
				8D7264070102C806483D18F8,
			);
			runOnlyForDeploymentPostprocessing = 0;
		};
		395E6886B351DAD501FB10EA = {
			isa = PBXSourcesBuildPhase;
			buildActionMask = 2147483647;
			files = (
				A0F7EE8AC8E156D046F5E77F,
			);
			runOnlyForDeploymentPostprocessing = 0;
		};
		8D5763DAA79DF3A7948888DF = {
			isa = PBXFrameworksBuildPhase;
			buildActionMask = 2147483647;
			files = (
				EBC337F0A8405F61CD2C78EA,
				7022BBF3CB7DBFCE9E5BAB3F,
				A5B940D2D21DE9320D41B79C,
				B6E5CAE1A97851230661DE22,
				C2A219D5921B7A5D145BEE22,
				1AF09D6B1B05C6533E4E0C00,
				77DBDFB29091333610C48182,
				E4C0D0D5DC4A3A21900E61CF,
				9618B21369CA4E547A9C33BF,
				3753ED7687FFDD9A80EB11D8,
				9D4706F156AD498F8EB01507,
			);
			runOnlyForDeploymentPostprocessing = 0;
		};
		FEE443BC433DAD14392260AC = {
			isa = PBXNativeTarget;
			buildConfigurationList = CC4D3107431EE3C912DDEE8A;
			buildPhases = (
				C2979632D294E4E46F2A500C,
				395E6886B351DAD501FB10EA,
				8D5763DAA79DF3A7948888DF,
			);
			buildRules = ( );
			dependencies = (
				AB42B1F25C7C79B10CC2932E,
			);
			name = "NoiseGateTutorial - VST3";
			productName = NoiseGateTutorial;
			productReference = 8046C758DDA0B0BCF4C80AEE;
			productType = "com.apple.product-type.bundle";
		};
		27C50571FE04622B5B8D20E8 = {
			isa = XCConfigurationList;
			buildConfigurations = (
				40548DC53CE8FF46E12A9D06,
				A8BFD7A613FBB5BD3A9E8BCB,
			);
			defaultConfigurationIsVisible = 0;
			defaultConfigurationName = Debug;
		};
		6E57BA9EE2F87B6FC4F9B576 = {
			isa = PBXResourcesBuildPhase;
			buildActionMask = 2147483647;
			files = (
				8D7264070102C806483D18F8,
			);
			runOnlyForDeploymentPostprocessing = 0;
		};
		4BB3349B8812D76BE1AE71AF = {
			isa = PBXRezBuildPhase;
			buildActionMask = 2147483647;
			files = (
				3742A948BE6F32B8620725A1,
			);
			runOnlyForDeploymentPostprocessing = 0;
		};
		52AD8E87E32BF0057AD9E569 = {
			isa = PBXSourcesBuildPhase;
			buildActionMask = 2147483647;
			files = (
				B75891985BD1FFEA05B67ED3,
				51289FEC24487C3DC446C066,
			);
			runOnlyForDeploymentPostprocessing = 0;
		};
		1F7CA76165066B283894CCF3 = {
			isa = PBXFrameworksBuildPhase;
			buildActionMask = 2147483647;
			files = (
				CC80DB14B1D5F84A68A9F6A9,
				EBC337F0A8405F61CD2C78EA,
				7022BBF3CB7DBFCE9E5BAB3F,
				A5B940D2D21DE9320D41B79C,
				B6E5CAE1A97851230661DE22,
				C2A219D5921B7A5D145BEE22,
				1AF09D6B1B05C6533E4E0C00,
				77DBDFB29091333610C48182,
				E4C0D0D5DC4A3A21900E61CF,
				9618B21369CA4E547A9C33BF,
				3753ED7687FFDD9A80EB11D8,
				9D4706F156AD498F8EB01507,
			);
			runOnlyForDeploymentPostprocessing = 0;
		};
		3949C4B7437E77A62421A089 = {
			isa = PBXNativeTarget;
			buildConfigurationList = 27C50571FE04622B5B8D20E8;
			buildPhases = (
				6E57BA9EE2F87B6FC4F9B576,
				4BB3349B8812D76BE1AE71AF,
				52AD8E87E32BF0057AD9E569,
				1F7CA76165066B283894CCF3,
			);
			buildRules = ( );
			dependencies = (
				5C03A75033CFE67751AE0BA6,
			);
			name = "NoiseGateTutorial - AU";
			productName = NoiseGateTutorial;
			productReference = DAEFF5BD978239B0A5FC8814;
			productType = "com.apple.product-type.bundle";
		};
		292321E38C8CD2402EF5FBD0 = {
			isa = XCConfigurationList;
			buildConfigurations = (
				1442A6A5DD6D2155DDCD6546,
				58E1BCD2F6CAE277E8802844,
			);
			defaultConfigurationIsVisible = 0;
			defaultConfigurationName = Debug;
		};
		7130C9A518FEF1ACF17A7DAB = {
			isa = PBXResourcesBuildPhase;
			buildActionMask = 2147483647;
			files = (
				8D7264070102C806483D18F8,
			);
			runOnlyForDeploymentPostprocessing = 0;
		};
		023C0840F48CFA9A87B061F6 = {
			isa = PBXSourcesBuildPhase;
			buildActionMask = 2147483647;
			files = (
				26AC09ECD48F990B142E2D02,
			);
			runOnlyForDeploymentPostprocessing = 0;
		};
		ABD7CE5CB937AA3F02228937 = {
			isa = PBXFrameworksBuildPhase;
			buildActionMask = 2147483647;
			files = (
				EBC337F0A8405F61CD2C78EA,
				7022BBF3CB7DBFCE9E5BAB3F,
				A5B940D2D21DE9320D41B79C,
				B6E5CAE1A97851230661DE22,
				C2A219D5921B7A5D145BEE22,
				1AF09D6B1B05C6533E4E0C00,
				77DBDFB29091333610C48182,
				E4C0D0D5DC4A3A21900E61CF,
				9618B21369CA4E547A9C33BF,
				3753ED7687FFDD9A80EB11D8,
				9D4706F156AD498F8EB01507,
			);
			runOnlyForDeploymentPostprocessing = 0;
		};
		54EAB50B9A5C4E1D2E80A21B = {
			isa = PBXNativeTarget;
			buildConfigurationList = 292321E38C8CD2402EF5FBD0;
			buildPhases = (
				7130C9A518FEF1ACF17A7DAB,
				023C0840F48CFA9A87B061F6,
				ABD7CE5CB937AA3F02228937,
			);
			buildRules = ( );
			dependencies = (
				EB42D65E394D3E56933EE2CB,
			);
			name = "NoiseGateTutorial - Standalone Plugin";
			productName = NoiseGateTutorial;
			productReference = 34F683CFE8542F1DA9C5F90E;
			productType = "com.apple.product-type.application";
		};
		D10F1DB45A8119D2639E05F6 = {
			isa = XCConfigurationList;
			buildConfigurations = (
				A8ECDC547E60F7ECCFD11FFD,
				13156D9EEF8E4B418796830B,
			);
			defaultConfigurationIsVisible = 0;
			defaultConfigurationName = Debug;
		};
		D6EC6CDA30852E0202B4D11D = {
			isa = PBXSourcesBuildPhase;
			buildActionMask = 2147483647;
			files = (
				6BA73E55459902B54E5506E7,
				ECE8C93EC37BFA3196E7FD9B,
				A092A58B1AFCFE68ECE2ACD7,
				71311B3BC206EA9FB0D8FAB4,
				ADF9CFD8B661E11711DE06D0,
				A231B7D8D963E5A625B60D3F,
				55282305DD763A0193143B53,
				85B80E700FA9287AD61BFFD9,
				4636B87FDB2A004E2B304FFA,
				B0937BF03CC02A48382787B7,
				950778D74E69805170FE0B01,
				F92EFDCE87415BD3390ACBB2,
				E829440874D84DFFED6D5691,
				37535C10CEC91FDAA17B111D,
			);
			runOnlyForDeploymentPostprocessing = 0;
		};
		74837B5816705A0A6C73CF88 = {
			isa = PBXNativeTarget;
			buildConfigurationList = D10F1DB45A8119D2639E05F6;
			buildPhases = (
				D6EC6CDA30852E0202B4D11D,
			);
			buildRules = ( );
			dependencies = ( );
			name = "NoiseGateTutorial - Shared Code";
			productName = NoiseGateTutorial;
			productReference = 25F15B6F70AD8FE6D6D12873;
			productType = "com.apple.product-type.library.static";
		};
		A064BB397C3917E9E00D6541 = {
			isa = PBXProject;
			buildConfigurationList = 6B033A7DD4D779F3E91EAE82;
			attributes = { LastUpgradeCheck = 1200; ORGANIZATIONNAME = "JUCE"; TargetAttributes = { 6F7520C4A98F43E817B30B1E = { SystemCapabilities = {com.apple.ApplicationGroups.iOS = { enabled = 0; }; com.apple.InAppPurchase = { enabled = 0; }; com.apple.InterAppAudio = { enabled = 0; }; com.apple.Push = { enabled = 0; }; com.apple.Sandbox = { enabled = 0; }; com.apple.HardenedRuntime = { enabled = 0; }; }; };FEE443BC433DAD14392260AC = { SystemCapabilities = {com.apple.ApplicationGroups.iOS = { enabled = 0; }; com.apple.InAppPurchase = { enabled = 0; }; com.apple.InterAppAudio = { enabled = 0; }; com.apple.Push = { enabled = 0; }; com.apple.Sandbox = { enabled = 0; }; com.apple.HardenedRuntime = { enabled = 0; }; }; };3949C4B7437E77A62421A089 = { SystemCapabilities = {com.apple.ApplicationGroups.iOS = { enabled = 0; }; com.apple.InAppPurchase = { enabled = 0; }; com.apple.InterAppAudio = { enabled = 0; }; com.apple.Push = { enabled = 0; }; com.apple.Sandbox = { enabled = 0; }; com.apple.HardenedRuntime = { enabled = 0; }; }; };54EAB50B9A5C4E1D2E80A21B = { SystemCapabilities = {com.apple.ApplicationGroups.iOS = { enabled = 0; }; com.apple.InAppPurchase = { enabled = 0; }; com.apple.InterAppAudio = { enabled = 0; }; com.apple.Push = { enabled = 0; }; com.apple.Sandbox = { enabled = 0; }; com.apple.HardenedRuntime = { enabled = 0; }; }; };74837B5816705A0A6C73CF88 = { SystemCapabilities = {com.apple.ApplicationGroups.iOS = { enabled = 0; }; com.apple.InAppPurchase = { enabled = 0; }; com.apple.InterAppAudio = { enabled = 0; }; com.apple.Push = { enabled = 0; }; com.apple.Sandbox = { enabled = 0; }; com.apple.HardenedRuntime = { enabled = 0; }; }; }; }; };
			compatibilityVersion = "Xcode 3.2";
			hasScannedForEncodings = 0;
			mainGroup = 2EF6EAA135DC2873A3D841D5;
			projectDirPath = "";
			projectRoot = "";
			targets = (6F7520C4A98F43E817B30B1E, FEE443BC433DAD14392260AC, 3949C4B7437E77A62421A089, 54EAB50B9A5C4E1D2E80A21B, 74837B5816705A0A6C73CF88);
			knownRegions = (en, Base);
		};
	};
	rootObject = A064BB397C3917E9E00D6541;
}
